
Microsoft Visual Studio Solution File, Format Version 12.00
# Visual Studio Version 17
VisualStudioVersion = 17.10.34916.146
MinimumVisualStudioVersion = 10.0.40219.1
Project("{9A19103F-16F7-4668-BE54-9A1E7A4F7556}") = "ByteFetch", "ByteFetch\ByteFetch.csproj", "{AEB931C6-1C27-456A-8317-D0668A6C2759}"
EndProject
Project("{9A19103F-16F7-4668-BE54-9A1E7A4F7556}") = "ByteFetch.Core", "ByteFetch.Core\ByteFetch.Core.csproj", "{EA207DA0-21B4-42FE-8C59-70EE377972E1}"
EndProject
Project("{2150E333-8FDC-42A3-9474-1A3956D46DE8}") = ".config", ".config", "{6163FA10-5FB3-4F40-8A08-8E82A25C50EC}"
	ProjectSection(SolutionItems) = preProject
		.editorconfig = .editorconfig
	EndProjectSection
EndProject
Project("{9A19103F-16F7-4668-BE54-9A1E7A4F7556}") = "ByteFetch.Shared", "ByteFetch.Shared\ByteFetch.Shared.csproj", "{55C12EDF-0615-4837-92EF-579ECA60D0EA}"
EndProject
Global
	GlobalSection(SolutionConfigurationPlatforms) = preSolution
		Debug|Any CPU = Debug|Any CPU
		Release|Any CPU = Release|Any CPU
	EndGlobalSection
	GlobalSection(ProjectConfigurationPlatforms) = postSolution
		{AEB931C6-1C27-456A-8317-D0668A6C2759}.Debug|Any CPU.ActiveCfg = Debug|Any CPU
		{AEB931C6-1C27-456A-8317-D0668A6C2759}.Debug|Any CPU.Build.0 = Debug|Any CPU
		{AEB931C6-1C27-456A-8317-D0668A6C2759}.Release|Any CPU.ActiveCfg = Release|Any CPU
		{AEB931C6-1C27-456A-8317-D0668A6C2759}.Release|Any CPU.Build.0 = Release|Any CPU
		{EA207DA0-21B4-42FE-8C59-70EE377972E1}.Debug|Any CPU.ActiveCfg = Debug|Any CPU
		{EA207DA0-21B4-42FE-8C59-70EE377972E1}.Debug|Any CPU.Build.0 = Debug|Any CPU
		{EA207DA0-21B4-42FE-8C59-70EE377972E1}.Release|Any CPU.ActiveCfg = Release|Any CPU
		{EA207DA0-21B4-42FE-8C59-70EE377972E1}.Release|Any CPU.Build.0 = Release|Any CPU
		{55C12EDF-0615-4837-92EF-579ECA60D0EA}.Debug|Any CPU.ActiveCfg = Debug|Any CPU
		{55C12EDF-0615-4837-92EF-579ECA60D0EA}.Debug|Any CPU.Build.0 = Debug|Any CPU
		{55C12EDF-0615-4837-92EF-579ECA60D0EA}.Release|Any CPU.ActiveCfg = Release|Any CPU
		{55C12EDF-0615-4837-92EF-579ECA60D0EA}.Release|Any CPU.Build.0 = Release|Any CPU
	EndGlobalSection
	GlobalSection(SolutionProperties) = preSolution
		HideSolutionNode = FALSE
	EndGlobalSection
	GlobalSection(ExtensibilityGlobals) = postSolution
		SolutionGuid = {707A3F50-80BC-4CA5-AAB4-FDEE61292F3A}
	EndGlobalSection
EndGlobal
